// !$*UTF8*$!
{
	archiveVersion = 1;
	classes = {
	};
	objectVersion = 50;
	objects = {

/* Begin PBXBuildFile section */
		82B0D0371C8B9197202C74CF /* Pods_ProjectF02.framework in Frameworks */ = {isa = PBXBuildFile; fileRef = ABEDD44C6AD4C5A82FBEEF82 /* Pods_ProjectF02.framework */; };
		84E5A7722153C34B0096E819 /* ChatViewController.swift in Sources */ = {isa = PBXBuildFile; fileRef = 84E5A7702153C34B0096E819 /* ChatViewController.swift */; };
		84E5A7732153C34B0096E819 /* ChatViewController.xib in Resources */ = {isa = PBXBuildFile; fileRef = 84E5A7712153C34B0096E819 /* ChatViewController.xib */; };
		84EE44FC2157AA4A00AA2716 /* ChatTableViewCell1.swift in Sources */ = {isa = PBXBuildFile; fileRef = 84EE44FA2157AA4A00AA2716 /* ChatTableViewCell1.swift */; };
		84EE44FD2157AA4A00AA2716 /* ChatTableViewCell1.xib in Resources */ = {isa = PBXBuildFile; fileRef = 84EE44FB2157AA4A00AA2716 /* ChatTableViewCell1.xib */; };
		84EE45002157AA5E00AA2716 /* ChatTableViewCell2.swift in Sources */ = {isa = PBXBuildFile; fileRef = 84EE44FE2157AA5E00AA2716 /* ChatTableViewCell2.swift */; };
		84EE45012157AA5E00AA2716 /* ChatTableViewCell2.xib in Resources */ = {isa = PBXBuildFile; fileRef = 84EE44FF2157AA5E00AA2716 /* ChatTableViewCell2.xib */; };
		84EE45042157E43F00AA2716 /* Message.swift in Sources */ = {isa = PBXBuildFile; fileRef = 84EE45032157E43F00AA2716 /* Message.swift */; };
		9D0583F8216646D2008B55E5 /* User.swift in Sources */ = {isa = PBXBuildFile; fileRef = 9D0583F7216646D2008B55E5 /* User.swift */; };
		9D17FC7221512E7A00070198 /* Extension.swift in Sources */ = {isa = PBXBuildFile; fileRef = 9D17FC5A21512E7A00070198 /* Extension.swift */; };
		9D17FC7321512E7A00070198 /* CountryDialCode.swift in Sources */ = {isa = PBXBuildFile; fileRef = 9D17FC5C21512E7A00070198 /* CountryDialCode.swift */; };
		9D17FC7421512E7A00070198 /* CountryListViewController.xib in Resources */ = {isa = PBXBuildFile; fileRef = 9D17FC5D21512E7A00070198 /* CountryListViewController.xib */; };
		9D17FC7521512E7A00070198 /* CountryListTableViewCell.swift in Sources */ = {isa = PBXBuildFile; fileRef = 9D17FC5E21512E7A00070198 /* CountryListTableViewCell.swift */; };
		9D17FC7621512E7A00070198 /* CountryListTableViewCell.xib in Resources */ = {isa = PBXBuildFile; fileRef = 9D17FC5F21512E7A00070198 /* CountryListTableViewCell.xib */; };
		9D17FC7721512E7A00070198 /* CountryListViewController.swift in Sources */ = {isa = PBXBuildFile; fileRef = 9D17FC6021512E7A00070198 /* CountryListViewController.swift */; };
		9D17FC7821512E7A00070198 /* Assets.xcassets in Resources */ = {isa = PBXBuildFile; fileRef = 9D17FC6121512E7A00070198 /* Assets.xcassets */; };
		9D17FC7B21512E7A00070198 /* GoogleService-Info.plist in Resources */ = {isa = PBXBuildFile; fileRef = 9D17FC6521512E7A00070198 /* GoogleService-Info.plist */; };
		9D17FC7C21512E7A00070198 /* LaunchScreen.storyboard in Resources */ = {isa = PBXBuildFile; fileRef = 9D17FC6621512E7A00070198 /* LaunchScreen.storyboard */; };
		9D17FC7D21512E7A00070198 /* Main.storyboard in Resources */ = {isa = PBXBuildFile; fileRef = 9D17FC6821512E7A00070198 /* Main.storyboard */; };
		9D17FC7E21512E7A00070198 /* CountryList.json in Resources */ = {isa = PBXBuildFile; fileRef = 9D17FC6A21512E7A00070198 /* CountryList.json */; };
		9D17FC8021512E7A00070198 /* AppDelegate.swift in Sources */ = {isa = PBXBuildFile; fileRef = 9D17FC6D21512E7A00070198 /* AppDelegate.swift */; };
		9D17FC8121512E7A00070198 /* ViewController.swift in Sources */ = {isa = PBXBuildFile; fileRef = 9D17FC6F21512E7A00070198 /* ViewController.swift */; };
		9DFDA0992181F48700C3B5AA /* RegisterViewController.swift in Sources */ = {isa = PBXBuildFile; fileRef = 9DFDA0932181F48600C3B5AA /* RegisterViewController.swift */; };
		9DFDA09B2181F48700C3B5AA /* Contents.json in Resources */ = {isa = PBXBuildFile; fileRef = 9DFDA0952181F48600C3B5AA /* Contents.json */; };
		9DFDA09C2181F48700C3B5AA /* RegisterViewController.xib in Resources */ = {isa = PBXBuildFile; fileRef = 9DFDA0962181F48700C3B5AA /* RegisterViewController.xib */; };
		9DFDA09F2181F5CE00C3B5AA /* DatePickerViewController.xib in Resources */ = {isa = PBXBuildFile; fileRef = 9DFDA09D2181F5CD00C3B5AA /* DatePickerViewController.xib */; };
		9DFDA0A02181F5CE00C3B5AA /* DatePickerViewController.swift in Sources */ = {isa = PBXBuildFile; fileRef = 9DFDA09E2181F5CE00C3B5AA /* DatePickerViewController.swift */; };
		A42CFD6721411A35007B7212 /* BaseViewController.swift in Sources */ = {isa = PBXBuildFile; fileRef = A42CFD6521411A35007B7212 /* BaseViewController.swift */; };
		A4354343217F508600665276 /* HomeChatCell.swift in Sources */ = {isa = PBXBuildFile; fileRef = A4354341217F508600665276 /* HomeChatCell.swift */; };
		A4354344217F508600665276 /* HomeChatCell.xib in Resources */ = {isa = PBXBuildFile; fileRef = A4354342217F508600665276 /* HomeChatCell.xib */; };
		A4354346217F5AB400665276 /* Chat.swift in Sources */ = {isa = PBXBuildFile; fileRef = A4354345217F5AB400665276 /* Chat.swift */; };
		A43A2742216CD85600308BCA /* MyProfileViewController.xib in Resources */ = {isa = PBXBuildFile; fileRef = A43A273B216CD85600308BCA /* MyProfileViewController.xib */; };
		A43A2743216CD85600308BCA /* AvatarTableViewCell.xib in Resources */ = {isa = PBXBuildFile; fileRef = A43A273D216CD85600308BCA /* AvatarTableViewCell.xib */; };
		A43A2744216CD85600308BCA /* PostTableViewCell.swift in Sources */ = {isa = PBXBuildFile; fileRef = A43A273E216CD85600308BCA /* PostTableViewCell.swift */; };
		A43A2745216CD85600308BCA /* PostTableViewCell.xib in Resources */ = {isa = PBXBuildFile; fileRef = A43A273F216CD85600308BCA /* PostTableViewCell.xib */; };
		A43A2746216CD85600308BCA /* AvatarTableViewCell.swift in Sources */ = {isa = PBXBuildFile; fileRef = A43A2740216CD85600308BCA /* AvatarTableViewCell.swift */; };
		A43A2747216CD85600308BCA /* MyProfileViewController.swift in Sources */ = {isa = PBXBuildFile; fileRef = A43A2741216CD85600308BCA /* MyProfileViewController.swift */; };
		A43A2749216F75F300308BCA /* Post.swift in Sources */ = {isa = PBXBuildFile; fileRef = A43A2748216F75F300308BCA /* Post.swift */; };
		A43A274B2174D4FA00308BCA /* Comment.swift in Sources */ = {isa = PBXBuildFile; fileRef = A43A274A2174D4FA00308BCA /* Comment.swift */; };
		A48A64D521760B3B009FCAB5 /* HomeTabBarViewController.swift in Sources */ = {isa = PBXBuildFile; fileRef = A48A64D421760B3B009FCAB5 /* HomeTabBarViewController.swift */; };
		A48A64D821760B8B009FCAB5 /* ChatHomeViewController.swift in Sources */ = {isa = PBXBuildFile; fileRef = A48A64D621760B8B009FCAB5 /* ChatHomeViewController.swift */; };
		A48A64D921760B8B009FCAB5 /* ChatHomeViewController.xib in Resources */ = {isa = PBXBuildFile; fileRef = A48A64D721760B8B009FCAB5 /* ChatHomeViewController.xib */; };
		A48A64DC21760B9E009FCAB5 /* NewFeedsViewController.swift in Sources */ = {isa = PBXBuildFile; fileRef = A48A64DA21760B9E009FCAB5 /* NewFeedsViewController.swift */; };
		A48A64DD21760B9E009FCAB5 /* NewFeedsViewController.xib in Resources */ = {isa = PBXBuildFile; fileRef = A48A64DB21760B9E009FCAB5 /* NewFeedsViewController.xib */; };
/* End PBXBuildFile section */

/* Begin PBXFileReference section */
		18616D9E2135789700024C02 /* ProjectF02.app */ = {isa = PBXFileReference; explicitFileType = wrapper.application; includeInIndex = 0; path = ProjectF02.app; sourceTree = BUILT_PRODUCTS_DIR; };
		4A885879FF53B3AD1F76B063 /* Pods-ProjectF02.debug.xcconfig */ = {isa = PBXFileReference; includeInIndex = 1; lastKnownFileType = text.xcconfig; name = "Pods-ProjectF02.debug.xcconfig"; path = "Pods/Target Support Files/Pods-ProjectF02/Pods-ProjectF02.debug.xcconfig"; sourceTree = "<group>"; };
		84E5A7702153C34B0096E819 /* ChatViewController.swift */ = {isa = PBXFileReference; lastKnownFileType = sourcecode.swift; path = ChatViewController.swift; sourceTree = "<group>"; };
		84E5A7712153C34B0096E819 /* ChatViewController.xib */ = {isa = PBXFileReference; lastKnownFileType = file.xib; path = ChatViewController.xib; sourceTree = "<group>"; };
		84EE44FA2157AA4A00AA2716 /* ChatTableViewCell1.swift */ = {isa = PBXFileReference; lastKnownFileType = sourcecode.swift; path = ChatTableViewCell1.swift; sourceTree = "<group>"; };
		84EE44FB2157AA4A00AA2716 /* ChatTableViewCell1.xib */ = {isa = PBXFileReference; lastKnownFileType = file.xib; path = ChatTableViewCell1.xib; sourceTree = "<group>"; };
		84EE44FE2157AA5E00AA2716 /* ChatTableViewCell2.swift */ = {isa = PBXFileReference; lastKnownFileType = sourcecode.swift; path = ChatTableViewCell2.swift; sourceTree = "<group>"; };
		84EE44FF2157AA5E00AA2716 /* ChatTableViewCell2.xib */ = {isa = PBXFileReference; lastKnownFileType = file.xib; path = ChatTableViewCell2.xib; sourceTree = "<group>"; };
		84EE45032157E43F00AA2716 /* Message.swift */ = {isa = PBXFileReference; lastKnownFileType = sourcecode.swift; path = Message.swift; sourceTree = "<group>"; };
		93C3669144A9C41B35A6D6C6 /* Pods-ProjectF02.release.xcconfig */ = {isa = PBXFileReference; includeInIndex = 1; lastKnownFileType = text.xcconfig; name = "Pods-ProjectF02.release.xcconfig"; path = "Pods/Target Support Files/Pods-ProjectF02/Pods-ProjectF02.release.xcconfig"; sourceTree = "<group>"; };
		9D0583F7216646D2008B55E5 /* User.swift */ = {isa = PBXFileReference; lastKnownFileType = sourcecode.swift; path = User.swift; sourceTree = "<group>"; };
		9D17FC5A21512E7A00070198 /* Extension.swift */ = {isa = PBXFileReference; fileEncoding = 4; lastKnownFileType = sourcecode.swift; path = Extension.swift; sourceTree = "<group>"; };
		9D17FC5C21512E7A00070198 /* CountryDialCode.swift */ = {isa = PBXFileReference; fileEncoding = 4; lastKnownFileType = sourcecode.swift; path = CountryDialCode.swift; sourceTree = "<group>"; };
		9D17FC5D21512E7A00070198 /* CountryListViewController.xib */ = {isa = PBXFileReference; fileEncoding = 4; lastKnownFileType = file.xib; path = CountryListViewController.xib; sourceTree = "<group>"; };
		9D17FC5E21512E7A00070198 /* CountryListTableViewCell.swift */ = {isa = PBXFileReference; fileEncoding = 4; lastKnownFileType = sourcecode.swift; path = CountryListTableViewCell.swift; sourceTree = "<group>"; };
		9D17FC5F21512E7A00070198 /* CountryListTableViewCell.xib */ = {isa = PBXFileReference; fileEncoding = 4; lastKnownFileType = file.xib; path = CountryListTableViewCell.xib; sourceTree = "<group>"; };
		9D17FC6021512E7A00070198 /* CountryListViewController.swift */ = {isa = PBXFileReference; fileEncoding = 4; lastKnownFileType = sourcecode.swift; path = CountryListViewController.swift; sourceTree = "<group>"; };
		9D17FC6121512E7A00070198 /* Assets.xcassets */ = {isa = PBXFileReference; lastKnownFileType = folder.assetcatalog; path = Assets.xcassets; sourceTree = "<group>"; };
		9D17FC6521512E7A00070198 /* GoogleService-Info.plist */ = {isa = PBXFileReference; fileEncoding = 4; lastKnownFileType = text.plist.xml; path = "GoogleService-Info.plist"; sourceTree = "<group>"; };
		9D17FC6721512E7A00070198 /* Base */ = {isa = PBXFileReference; lastKnownFileType = file.storyboard; name = Base; path = Base.lproj/LaunchScreen.storyboard; sourceTree = "<group>"; };
		9D17FC6921512E7A00070198 /* Base */ = {isa = PBXFileReference; lastKnownFileType = file.storyboard; name = Base; path = Base.lproj/Main.storyboard; sourceTree = "<group>"; };
		9D17FC6A21512E7A00070198 /* CountryList.json */ = {isa = PBXFileReference; fileEncoding = 4; lastKnownFileType = text.json; path = CountryList.json; sourceTree = "<group>"; };
		9D17FC6D21512E7A00070198 /* AppDelegate.swift */ = {isa = PBXFileReference; fileEncoding = 4; lastKnownFileType = sourcecode.swift; path = AppDelegate.swift; sourceTree = "<group>"; };
		9D17FC6F21512E7A00070198 /* ViewController.swift */ = {isa = PBXFileReference; fileEncoding = 4; lastKnownFileType = sourcecode.swift; path = ViewController.swift; sourceTree = "<group>"; };
		9D17FC7021512E7A00070198 /* Info.plist */ = {isa = PBXFileReference; fileEncoding = 4; lastKnownFileType = text.plist.xml; path = Info.plist; sourceTree = "<group>"; };
		9DFDA0932181F48600C3B5AA /* RegisterViewController.swift */ = {isa = PBXFileReference; fileEncoding = 4; lastKnownFileType = sourcecode.swift; path = RegisterViewController.swift; sourceTree = "<group>"; };
		9DFDA0952181F48600C3B5AA /* Contents.json */ = {isa = PBXFileReference; fileEncoding = 4; lastKnownFileType = text.json; path = Contents.json; sourceTree = "<group>"; };
		9DFDA0962181F48700C3B5AA /* RegisterViewController.xib */ = {isa = PBXFileReference; fileEncoding = 4; lastKnownFileType = file.xib; path = RegisterViewController.xib; sourceTree = "<group>"; };
		9DFDA09D2181F5CD00C3B5AA /* DatePickerViewController.xib */ = {isa = PBXFileReference; fileEncoding = 4; lastKnownFileType = file.xib; path = DatePickerViewController.xib; sourceTree = "<group>"; };
		9DFDA09E2181F5CE00C3B5AA /* DatePickerViewController.swift */ = {isa = PBXFileReference; fileEncoding = 4; lastKnownFileType = sourcecode.swift; path = DatePickerViewController.swift; sourceTree = "<group>"; };
		A42CFD6521411A35007B7212 /* BaseViewController.swift */ = {isa = PBXFileReference; fileEncoding = 4; lastKnownFileType = sourcecode.swift; path = BaseViewController.swift; sourceTree = "<group>"; };
		A4354341217F508600665276 /* HomeChatCell.swift */ = {isa = PBXFileReference; lastKnownFileType = sourcecode.swift; name = HomeChatCell.swift; path = ProjectF02/Modules/Home/ChatHomeScreen/cells/HomeChatCell.swift; sourceTree = "<group>"; };
		A4354342217F508600665276 /* HomeChatCell.xib */ = {isa = PBXFileReference; lastKnownFileType = file.xib; name = HomeChatCell.xib; path = ProjectF02/Modules/Home/ChatHomeScreen/cells/HomeChatCell.xib; sourceTree = "<group>"; };
		A4354345217F5AB400665276 /* Chat.swift */ = {isa = PBXFileReference; lastKnownFileType = sourcecode.swift; path = Chat.swift; sourceTree = "<group>"; };
		A43A273B216CD85600308BCA /* MyProfileViewController.xib */ = {isa = PBXFileReference; fileEncoding = 4; lastKnownFileType = file.xib; path = MyProfileViewController.xib; sourceTree = "<group>"; };
		A43A273D216CD85600308BCA /* AvatarTableViewCell.xib */ = {isa = PBXFileReference; fileEncoding = 4; lastKnownFileType = file.xib; path = AvatarTableViewCell.xib; sourceTree = "<group>"; };
		A43A273E216CD85600308BCA /* PostTableViewCell.swift */ = {isa = PBXFileReference; fileEncoding = 4; lastKnownFileType = sourcecode.swift; path = PostTableViewCell.swift; sourceTree = "<group>"; };
		A43A273F216CD85600308BCA /* PostTableViewCell.xib */ = {isa = PBXFileReference; fileEncoding = 4; lastKnownFileType = file.xib; path = PostTableViewCell.xib; sourceTree = "<group>"; };
		A43A2740216CD85600308BCA /* AvatarTableViewCell.swift */ = {isa = PBXFileReference; fileEncoding = 4; lastKnownFileType = sourcecode.swift; path = AvatarTableViewCell.swift; sourceTree = "<group>"; };
		A43A2741216CD85600308BCA /* MyProfileViewController.swift */ = {isa = PBXFileReference; fileEncoding = 4; lastKnownFileType = sourcecode.swift; path = MyProfileViewController.swift; sourceTree = "<group>"; };
		A43A2748216F75F300308BCA /* Post.swift */ = {isa = PBXFileReference; lastKnownFileType = sourcecode.swift; path = Post.swift; sourceTree = "<group>"; };
		A43A274A2174D4FA00308BCA /* Comment.swift */ = {isa = PBXFileReference; lastKnownFileType = sourcecode.swift; path = Comment.swift; sourceTree = "<group>"; };
		A48A64D421760B3B009FCAB5 /* HomeTabBarViewController.swift */ = {isa = PBXFileReference; lastKnownFileType = sourcecode.swift; path = HomeTabBarViewController.swift; sourceTree = "<group>"; };
		A48A64D621760B8B009FCAB5 /* ChatHomeViewController.swift */ = {isa = PBXFileReference; lastKnownFileType = sourcecode.swift; path = ChatHomeViewController.swift; sourceTree = "<group>"; };
		A48A64D721760B8B009FCAB5 /* ChatHomeViewController.xib */ = {isa = PBXFileReference; lastKnownFileType = file.xib; path = ChatHomeViewController.xib; sourceTree = "<group>"; };
		A48A64DA21760B9E009FCAB5 /* NewFeedsViewController.swift */ = {isa = PBXFileReference; lastKnownFileType = sourcecode.swift; path = NewFeedsViewController.swift; sourceTree = "<group>"; };
		A48A64DB21760B9E009FCAB5 /* NewFeedsViewController.xib */ = {isa = PBXFileReference; lastKnownFileType = file.xib; path = NewFeedsViewController.xib; sourceTree = "<group>"; };
		ABEDD44C6AD4C5A82FBEEF82 /* Pods_ProjectF02.framework */ = {isa = PBXFileReference; explicitFileType = wrapper.framework; includeInIndex = 0; path = Pods_ProjectF02.framework; sourceTree = BUILT_PRODUCTS_DIR; };
/* End PBXFileReference section */

/* Begin PBXFrameworksBuildPhase section */
		18616D9B2135789700024C02 /* Frameworks */ = {
			isa = PBXFrameworksBuildPhase;
			buildActionMask = 2147483647;
			files = (
				82B0D0371C8B9197202C74CF /* Pods_ProjectF02.framework in Frameworks */,
			);
			runOnlyForDeploymentPostprocessing = 0;
		};
/* End PBXFrameworksBuildPhase section */

/* Begin PBXGroup section */
		18616D952135789700024C02 = {
			isa = PBXGroup;
			children = (
				9D17FC5721512E7A00070198 /* ProjectF02 */,
				18616D9F2135789700024C02 /* Products */,
				196EA6708504FF3D998F1E7E /* Pods */,
				66DEE63A6872D185375023EC /* Frameworks */,
			);
			sourceTree = "<group>";
		};
		18616D9F2135789700024C02 /* Products */ = {
			isa = PBXGroup;
			children = (
				18616D9E2135789700024C02 /* ProjectF02.app */,
			);
			name = Products;
			sourceTree = "<group>";
		};
		196EA6708504FF3D998F1E7E /* Pods */ = {
			isa = PBXGroup;
			children = (
				4A885879FF53B3AD1F76B063 /* Pods-ProjectF02.debug.xcconfig */,
				93C3669144A9C41B35A6D6C6 /* Pods-ProjectF02.release.xcconfig */,
			);
			name = Pods;
			sourceTree = "<group>";
		};
		66DEE63A6872D185375023EC /* Frameworks */ = {
			isa = PBXGroup;
			children = (
				ABEDD44C6AD4C5A82FBEEF82 /* Pods_ProjectF02.framework */,
			);
			name = Frameworks;
			sourceTree = "<group>";
		};
		84E5A769215132EF0096E819 /* ChatVC */ = {
			isa = PBXGroup;
			children = (
				84EE44F92157AA2400AA2716 /* Cell */,
				84E5A7702153C34B0096E819 /* ChatViewController.swift */,
				84E5A7712153C34B0096E819 /* ChatViewController.xib */,
			);
			path = ChatVC;
			sourceTree = "<group>";
		};
		84EE44F92157AA2400AA2716 /* Cell */ = {
			isa = PBXGroup;
			children = (
				84EE44FA2157AA4A00AA2716 /* ChatTableViewCell1.swift */,
				84EE44FB2157AA4A00AA2716 /* ChatTableViewCell1.xib */,
				84EE44FE2157AA5E00AA2716 /* ChatTableViewCell2.swift */,
				84EE44FF2157AA5E00AA2716 /* ChatTableViewCell2.xib */,
			);
			path = Cell;
			sourceTree = "<group>";
		};
		9D0583F6216646C0008B55E5 /* Models */ = {
			isa = PBXGroup;
			children = (
				84EE45032157E43F00AA2716 /* Message.swift */,
				9D0583F7216646D2008B55E5 /* User.swift */,
				A43A2748216F75F300308BCA /* Post.swift */,
				A43A274A2174D4FA00308BCA /* Comment.swift */,
				A4354345217F5AB400665276 /* Chat.swift */,
			);
			path = Models;
			sourceTree = "<group>";
		};
		9D17FC5721512E7A00070198 /* ProjectF02 */ = {
			isa = PBXGroup;
			children = (
				9D17FC8421512FB000070198 /* Modules */,
				9D17FC8321512F7300070198 /* SupportFiles */,
				9D17FC6B21512E7A00070198 /* Class */,
				9D17FC5921512E7A00070198 /* Extension */,
				9D17FC6621512E7A00070198 /* LaunchScreen.storyboard */,
				9D17FC6821512E7A00070198 /* Main.storyboard */,
				9D17FC6D21512E7A00070198 /* AppDelegate.swift */,
			);
			path = ProjectF02;
			sourceTree = "<group>";
		};
		9D17FC5921512E7A00070198 /* Extension */ = {
			isa = PBXGroup;
			children = (
				9D17FC5A21512E7A00070198 /* Extension.swift */,
			);
			path = Extension;
			sourceTree = "<group>";
		};
		9D17FC5B21512E7A00070198 /* CountryList VC */ = {
			isa = PBXGroup;
			children = (
				9D17FC5C21512E7A00070198 /* CountryDialCode.swift */,
				9D17FC5D21512E7A00070198 /* CountryListViewController.xib */,
				9D17FC5E21512E7A00070198 /* CountryListTableViewCell.swift */,
				9D17FC5F21512E7A00070198 /* CountryListTableViewCell.xib */,
				9D17FC6021512E7A00070198 /* CountryListViewController.swift */,
			);
			path = "CountryList VC";
			sourceTree = "<group>";
		};
		9D17FC6221512E7A00070198 /* RegisterVC */ = {
			isa = PBXGroup;
			children = (
				9DFDA09E2181F5CE00C3B5AA /* DatePickerViewController.swift */,
				9DFDA09D2181F5CD00C3B5AA /* DatePickerViewController.xib */,
				9DFDA0952181F48600C3B5AA /* Contents.json */,
				9DFDA0932181F48600C3B5AA /* RegisterViewController.swift */,
				9DFDA0962181F48700C3B5AA /* RegisterViewController.xib */,
				9D17FC5B21512E7A00070198 /* CountryList VC */,
			);
			path = RegisterVC;
			sourceTree = "<group>";
		};
		9D17FC6B21512E7A00070198 /* Class */ = {
			isa = PBXGroup;
			children = (
				9D0583F6216646C0008B55E5 /* Models */,
			);
			path = Class;
			sourceTree = "<group>";
		};
		9D17FC6E21512E7A00070198 /* LoginScreen */ = {
			isa = PBXGroup;
			children = (
				9D17FC6F21512E7A00070198 /* ViewController.swift */,
			);
			path = LoginScreen;
			sourceTree = "<group>";
		};
		9D17FC8321512F7300070198 /* SupportFiles */ = {
			isa = PBXGroup;
			children = (
				9D17FC6121512E7A00070198 /* Assets.xcassets */,
				9D17FC6521512E7A00070198 /* GoogleService-Info.plist */,
				9D17FC6A21512E7A00070198 /* CountryList.json */,
				9D17FC7021512E7A00070198 /* Info.plist */,
			);
			path = SupportFiles;
			sourceTree = "<group>";
		};
		9D17FC8421512FB000070198 /* Modules */ = {
			isa = PBXGroup;
			children = (
				A48A64CF21760AC3009FCAB5 /* Home */,
				A43A273A216CD85600308BCA /* MyProfileVC */,
				9D17FC8521512FBD00070198 /* Base */,
				9D17FC6E21512E7A00070198 /* LoginScreen */,
				9D17FC6221512E7A00070198 /* RegisterVC */,
				84E5A769215132EF0096E819 /* ChatVC */,
			);
			path = Modules;
			sourceTree = "<group>";
		};
		9D17FC8521512FBD00070198 /* Base */ = {
			isa = PBXGroup;
			children = (
				A42CFD6521411A35007B7212 /* BaseViewController.swift */,
			);
			path = Base;
			sourceTree = "<group>";
		};
		A4354340217F506E00665276 /* Cells */ = {
			isa = PBXGroup;
			children = (
				A4354341217F508600665276 /* HomeChatCell.swift */,
				A4354342217F508600665276 /* HomeChatCell.xib */,
			);
			name = Cells;
			path = ../../../..;
			sourceTree = "<group>";
		};
		A43A273A216CD85600308BCA /* MyProfileVC */ = {
			isa = PBXGroup;
			children = (
				A43A2741216CD85600308BCA /* MyProfileViewController.swift */,
				A43A273B216CD85600308BCA /* MyProfileViewController.xib */,
				A43A273C216CD85600308BCA /* ProfileCell */,
			);
			path = MyProfileVC;
			sourceTree = "<group>";
		};
		A43A273C216CD85600308BCA /* ProfileCell */ = {
			isa = PBXGroup;
			children = (
				A43A273D216CD85600308BCA /* AvatarTableViewCell.xib */,
				A43A273E216CD85600308BCA /* PostTableViewCell.swift */,
				A43A273F216CD85600308BCA /* PostTableViewCell.xib */,
				A43A2740216CD85600308BCA /* AvatarTableViewCell.swift */,
			);
			path = ProfileCell;
			sourceTree = "<group>";
		};
		A48A64CD21760991009FCAB5 /* ChatHomeScreen */ = {
			isa = PBXGroup;
			children = (
				A4354340217F506E00665276 /* Cells */,
				A48A64D621760B8B009FCAB5 /* ChatHomeViewController.swift */,
				A48A64D721760B8B009FCAB5 /* ChatHomeViewController.xib */,
			);
			path = ChatHomeScreen;
			sourceTree = "<group>";
		};
		A48A64CE21760A00009FCAB5 /* NewFeeds */ = {
			isa = PBXGroup;
			children = (
				A48A64DA21760B9E009FCAB5 /* NewFeedsViewController.swift */,
				A48A64DB21760B9E009FCAB5 /* NewFeedsViewController.xib */,
			);
			path = NewFeeds;
			sourceTree = "<group>";
		};
		A48A64CF21760AC3009FCAB5 /* Home */ = {
			isa = PBXGroup;
			children = (
				A48A64CD21760991009FCAB5 /* ChatHomeScreen */,
				A48A64CE21760A00009FCAB5 /* NewFeeds */,
				A48A64D421760B3B009FCAB5 /* HomeTabBarViewController.swift */,
			);
			path = Home;
			sourceTree = "<group>";
		};
/* End PBXGroup section */

/* Begin PBXNativeTarget section */
		18616D9D2135789700024C02 /* ProjectF02 */ = {
			isa = PBXNativeTarget;
			buildConfigurationList = 18616DB02135789900024C02 /* Build configuration list for PBXNativeTarget "ProjectF02" */;
			buildPhases = (
				CAE536370BB87A1B7CC1A510 /* [CP] Check Pods Manifest.lock */,
				18616D9A2135789700024C02 /* Sources */,
				18616D9B2135789700024C02 /* Frameworks */,
				18616D9C2135789700024C02 /* Resources */,
				248F629ED39DA3713688CFBE /* [CP] Embed Pods Frameworks */,
				DAB14763DCA67DC14C31B726 /* [CP] Copy Pods Resources */,
			);
			buildRules = (
			);
			dependencies = (
			);
			name = ProjectF02;
			productName = ProjectF02;
			productReference = 18616D9E2135789700024C02 /* ProjectF02.app */;
			productType = "com.apple.product-type.application";
		};
/* End PBXNativeTarget section */

/* Begin PBXProject section */
		18616D962135789700024C02 /* Project object */ = {
			isa = PBXProject;
			attributes = {
				LastSwiftUpdateCheck = 0940;
				LastUpgradeCheck = 0940;
				ORGANIZATIONNAME = VTCA;
				TargetAttributes = {
					18616D9D2135789700024C02 = {
						CreatedOnToolsVersion = 9.4.1;
					};
				};
			};
			buildConfigurationList = 18616D992135789700024C02 /* Build configuration list for PBXProject "ProjectF02" */;
			compatibilityVersion = "Xcode 9.3";
			developmentRegion = en;
			hasScannedForEncodings = 0;
			knownRegions = (
				en,
				Base,
			);
			mainGroup = 18616D952135789700024C02;
			productRefGroup = 18616D9F2135789700024C02 /* Products */;
			projectDirPath = "";
			projectRoot = "";
			targets = (
				18616D9D2135789700024C02 /* ProjectF02 */,
			);
		};
/* End PBXProject section */

/* Begin PBXResourcesBuildPhase section */
		18616D9C2135789700024C02 /* Resources */ = {
			isa = PBXResourcesBuildPhase;
			buildActionMask = 2147483647;
			files = (
				9DFDA09C2181F48700C3B5AA /* RegisterViewController.xib in Resources */,
				84EE44FD2157AA4A00AA2716 /* ChatTableViewCell1.xib in Resources */,
				9D17FC7E21512E7A00070198 /* CountryList.json in Resources */,
				A48A64D921760B8B009FCAB5 /* ChatHomeViewController.xib in Resources */,
				A48A64DD21760B9E009FCAB5 /* NewFeedsViewController.xib in Resources */,
				9D17FC7D21512E7A00070198 /* Main.storyboard in Resources */,
				9D17FC7621512E7A00070198 /* CountryListTableViewCell.xib in Resources */,
				9D17FC7821512E7A00070198 /* Assets.xcassets in Resources */,
				9D17FC7B21512E7A00070198 /* GoogleService-Info.plist in Resources */,
				A43A2742216CD85600308BCA /* MyProfileViewController.xib in Resources */,
				9D17FC7C21512E7A00070198 /* LaunchScreen.storyboard in Resources */,
				84EE45012157AA5E00AA2716 /* ChatTableViewCell2.xib in Resources */,
				9DFDA09F2181F5CE00C3B5AA /* DatePickerViewController.xib in Resources */,
				A43A2743216CD85600308BCA /* AvatarTableViewCell.xib in Resources */,
				9D17FC7421512E7A00070198 /* CountryListViewController.xib in Resources */,
				9DFDA09B2181F48700C3B5AA /* Contents.json in Resources */,
				A43A2745216CD85600308BCA /* PostTableViewCell.xib in Resources */,
				84E5A7732153C34B0096E819 /* ChatViewController.xib in Resources */,
				A4354344217F508600665276 /* HomeChatCell.xib in Resources */,
			);
			runOnlyForDeploymentPostprocessing = 0;
		};
/* End PBXResourcesBuildPhase section */

/* Begin PBXShellScriptBuildPhase section */
		248F629ED39DA3713688CFBE /* [CP] Embed Pods Frameworks */ = {
			isa = PBXShellScriptBuildPhase;
			buildActionMask = 2147483647;
			files = (
			);
			inputPaths = (
				"${SRCROOT}/Pods/Target Support Files/Pods-ProjectF02/Pods-ProjectF02-frameworks.sh",
				"${BUILT_PRODUCTS_DIR}/Bolts/Bolts.framework",
				"${BUILT_PRODUCTS_DIR}/BoringSSL/openssl.framework",
				"${BUILT_PRODUCTS_DIR}/FBSDKCoreKit/FBSDKCoreKit.framework",
				"${BUILT_PRODUCTS_DIR}/FBSDKLoginKit/FBSDKLoginKit.framework",
				"${BUILT_PRODUCTS_DIR}/GTMOAuth2/GTMOAuth2.framework",
				"${BUILT_PRODUCTS_DIR}/GTMSessionFetcher/GTMSessionFetcher.framework",
				"${BUILT_PRODUCTS_DIR}/GoogleToolboxForMac/GoogleToolboxForMac.framework",
				"${BUILT_PRODUCTS_DIR}/IQKeyboardManagerSwift/IQKeyboardManagerSwift.framework",
				"${BUILT_PRODUCTS_DIR}/JSQMessagesViewController/JSQMessagesViewController.framework",
				"${BUILT_PRODUCTS_DIR}/JSQSystemSoundPlayer/JSQSystemSoundPlayer.framework",
				"${BUILT_PRODUCTS_DIR}/Protobuf/Protobuf.framework",
				"${BUILT_PRODUCTS_DIR}/SDWebImage/SDWebImage.framework",
				"${PODS_ROOT}/TwitterCore/iOS/TwitterCore.framework",
				"${PODS_ROOT}/TwitterKit/iOS/TwitterKit.framework",
				"${BUILT_PRODUCTS_DIR}/gRPC/GRPCClient.framework",
				"${BUILT_PRODUCTS_DIR}/gRPC-Core/grpc.framework",
				"${BUILT_PRODUCTS_DIR}/gRPC-ProtoRPC/ProtoRPC.framework",
				"${BUILT_PRODUCTS_DIR}/gRPC-RxLibrary/RxLibrary.framework",
				"${BUILT_PRODUCTS_DIR}/leveldb-library/leveldb.framework",
				"${BUILT_PRODUCTS_DIR}/nanopb/nanopb.framework",
			);
			name = "[CP] Embed Pods Frameworks";
			outputPaths = (
				"${TARGET_BUILD_DIR}/${FRAMEWORKS_FOLDER_PATH}/Bolts.framework",
				"${TARGET_BUILD_DIR}/${FRAMEWORKS_FOLDER_PATH}/openssl.framework",
				"${TARGET_BUILD_DIR}/${FRAMEWORKS_FOLDER_PATH}/FBSDKCoreKit.framework",
				"${TARGET_BUILD_DIR}/${FRAMEWORKS_FOLDER_PATH}/FBSDKLoginKit.framework",
				"${TARGET_BUILD_DIR}/${FRAMEWORKS_FOLDER_PATH}/GTMOAuth2.framework",
				"${TARGET_BUILD_DIR}/${FRAMEWORKS_FOLDER_PATH}/GTMSessionFetcher.framework",
				"${TARGET_BUILD_DIR}/${FRAMEWORKS_FOLDER_PATH}/GoogleToolboxForMac.framework",
				"${TARGET_BUILD_DIR}/${FRAMEWORKS_FOLDER_PATH}/IQKeyboardManagerSwift.framework",
				"${TARGET_BUILD_DIR}/${FRAMEWORKS_FOLDER_PATH}/JSQMessagesViewController.framework",
				"${TARGET_BUILD_DIR}/${FRAMEWORKS_FOLDER_PATH}/JSQSystemSoundPlayer.framework",
				"${TARGET_BUILD_DIR}/${FRAMEWORKS_FOLDER_PATH}/Protobuf.framework",
				"${TARGET_BUILD_DIR}/${FRAMEWORKS_FOLDER_PATH}/SDWebImage.framework",
				"${TARGET_BUILD_DIR}/${FRAMEWORKS_FOLDER_PATH}/TwitterCore.framework",
				"${TARGET_BUILD_DIR}/${FRAMEWORKS_FOLDER_PATH}/TwitterKit.framework",
				"${TARGET_BUILD_DIR}/${FRAMEWORKS_FOLDER_PATH}/GRPCClient.framework",
				"${TARGET_BUILD_DIR}/${FRAMEWORKS_FOLDER_PATH}/grpc.framework",
				"${TARGET_BUILD_DIR}/${FRAMEWORKS_FOLDER_PATH}/ProtoRPC.framework",
				"${TARGET_BUILD_DIR}/${FRAMEWORKS_FOLDER_PATH}/RxLibrary.framework",
				"${TARGET_BUILD_DIR}/${FRAMEWORKS_FOLDER_PATH}/leveldb.framework",
				"${TARGET_BUILD_DIR}/${FRAMEWORKS_FOLDER_PATH}/nanopb.framework",
			);
			runOnlyForDeploymentPostprocessing = 0;
			shellPath = /bin/sh;
			shellScript = "\"${SRCROOT}/Pods/Target Support Files/Pods-ProjectF02/Pods-ProjectF02-frameworks.sh\"\n";
			showEnvVarsInLog = 0;
		};
		CAE536370BB87A1B7CC1A510 /* [CP] Check Pods Manifest.lock */ = {
			isa = PBXShellScriptBuildPhase;
			buildActionMask = 2147483647;
			files = (
			);
			inputPaths = (
				"${PODS_PODFILE_DIR_PATH}/Podfile.lock",
				"${PODS_ROOT}/Manifest.lock",
			);
			name = "[CP] Check Pods Manifest.lock";
			outputPaths = (
				"$(DERIVED_FILE_DIR)/Pods-ProjectF02-checkManifestLockResult.txt",
			);
			runOnlyForDeploymentPostprocessing = 0;
			shellPath = /bin/sh;
			shellScript = "diff \"${PODS_PODFILE_DIR_PATH}/Podfile.lock\" \"${PODS_ROOT}/Manifest.lock\" > /dev/null\nif [ $? != 0 ] ; then\n    # print error to STDERR\n    echo \"error: The sandbox is not in sync with the Podfile.lock. Run 'pod install' or update your CocoaPods installation.\" >&2\n    exit 1\nfi\n# This output is used by Xcode 'outputs' to avoid re-running this script phase.\necho \"SUCCESS\" > \"${SCRIPT_OUTPUT_FILE_0}\"\n";
			showEnvVarsInLog = 0;
		};
		DAB14763DCA67DC14C31B726 /* [CP] Copy Pods Resources */ = {
			isa = PBXShellScriptBuildPhase;
			buildActionMask = 2147483647;
			files = (
			);
			inputPaths = (
				"${SRCROOT}/Pods/Target Support Files/Pods-ProjectF02/Pods-ProjectF02-resources.sh",
				"${PODS_CONFIGURATION_BUILD_DIR}/FirebaseUI/FirebaseAuthUI.bundle",
				"${PODS_CONFIGURATION_BUILD_DIR}/FirebaseUI/FirebaseFacebookAuthUI.bundle",
				"${PODS_CONFIGURATION_BUILD_DIR}/FirebaseUI/FirebaseGoogleAuthUI.bundle",
				"${PODS_CONFIGURATION_BUILD_DIR}/FirebaseUI/FirebasePhoneAuthUI.bundle",
				"${PODS_CONFIGURATION_BUILD_DIR}/FirebaseUI/FirebaseTwitterAuthUI.bundle",
				"${PODS_ROOT}/GoogleSignIn/Resources/GoogleSignIn.bundle",
				"${PODS_ROOT}/TwitterKit/iOS/TwitterKit.framework/TwitterKitResources.bundle",
				"${PODS_ROOT}/TwitterKit/iOS/TwitterKit.framework/TwitterShareExtensionUIResources.bundle",
			);
			name = "[CP] Copy Pods Resources";
			outputPaths = (
				"${TARGET_BUILD_DIR}/${UNLOCALIZED_RESOURCES_FOLDER_PATH}/FirebaseAuthUI.bundle",
				"${TARGET_BUILD_DIR}/${UNLOCALIZED_RESOURCES_FOLDER_PATH}/FirebaseFacebookAuthUI.bundle",
				"${TARGET_BUILD_DIR}/${UNLOCALIZED_RESOURCES_FOLDER_PATH}/FirebaseGoogleAuthUI.bundle",
				"${TARGET_BUILD_DIR}/${UNLOCALIZED_RESOURCES_FOLDER_PATH}/FirebasePhoneAuthUI.bundle",
				"${TARGET_BUILD_DIR}/${UNLOCALIZED_RESOURCES_FOLDER_PATH}/FirebaseTwitterAuthUI.bundle",
				"${TARGET_BUILD_DIR}/${UNLOCALIZED_RESOURCES_FOLDER_PATH}/GoogleSignIn.bundle",
				"${TARGET_BUILD_DIR}/${UNLOCALIZED_RESOURCES_FOLDER_PATH}/TwitterKitResources.bundle",
				"${TARGET_BUILD_DIR}/${UNLOCALIZED_RESOURCES_FOLDER_PATH}/TwitterShareExtensionUIResources.bundle",
			);
			runOnlyForDeploymentPostprocessing = 0;
			shellPath = /bin/sh;
			shellScript = "\"${SRCROOT}/Pods/Target Support Files/Pods-ProjectF02/Pods-ProjectF02-resources.sh\"\n";
			showEnvVarsInLog = 0;
		};
/* End PBXShellScriptBuildPhase section */

/* Begin PBXSourcesBuildPhase section */
		18616D9A2135789700024C02 /* Sources */ = {
			isa = PBXSourcesBuildPhase;
			buildActionMask = 2147483647;
			files = (
				9D0583F8216646D2008B55E5 /* User.swift in Sources */,
				A42CFD6721411A35007B7212 /* BaseViewController.swift in Sources */,
				A4354343217F508600665276 /* HomeChatCell.swift in Sources */,
				84EE44FC2157AA4A00AA2716 /* ChatTableViewCell1.swift in Sources */,
				A48A64D821760B8B009FCAB5 /* ChatHomeViewController.swift in Sources */,
				A43A2746216CD85600308BCA /* AvatarTableViewCell.swift in Sources */,
				A43A2749216F75F300308BCA /* Post.swift in Sources */,
				9DFDA0992181F48700C3B5AA /* RegisterViewController.swift in Sources */,
				9D17FC7721512E7A00070198 /* CountryListViewController.swift in Sources */,
				A48A64DC21760B9E009FCAB5 /* NewFeedsViewController.swift in Sources */,
				9D17FC8121512E7A00070198 /* ViewController.swift in Sources */,
				A48A64D521760B3B009FCAB5 /* HomeTabBarViewController.swift in Sources */,
				A4354346217F5AB400665276 /* Chat.swift in Sources */,
				9D17FC7521512E7A00070198 /* CountryListTableViewCell.swift in Sources */,
				A43A2744216CD85600308BCA /* PostTableViewCell.swift in Sources */,
				84EE45042157E43F00AA2716 /* Message.swift in Sources */,
				9D17FC7221512E7A00070198 /* Extension.swift in Sources */,
				84EE45002157AA5E00AA2716 /* ChatTableViewCell2.swift in Sources */,
				9D17FC8021512E7A00070198 /* AppDelegate.swift in Sources */,
				84E5A7722153C34B0096E819 /* ChatViewController.swift in Sources */,
				9DFDA0A02181F5CE00C3B5AA /* DatePickerViewController.swift in Sources */,
				A43A274B2174D4FA00308BCA /* Comment.swift in Sources */,
				A43A2747216CD85600308BCA /* MyProfileViewController.swift in Sources */,
				9D17FC7321512E7A00070198 /* CountryDialCode.swift in Sources */,
			);
			runOnlyForDeploymentPostprocessing = 0;
		};
/* End PBXSourcesBuildPhase section */

/* Begin PBXVariantGroup section */
		9D17FC6621512E7A00070198 /* LaunchScreen.storyboard */ = {
			isa = PBXVariantGroup;
			children = (
				9D17FC6721512E7A00070198 /* Base */,
			);
			name = LaunchScreen.storyboard;
			sourceTree = "<group>";
		};
		9D17FC6821512E7A00070198 /* Main.storyboard */ = {
			isa = PBXVariantGroup;
			children = (
				9D17FC6921512E7A00070198 /* Base */,
			);
			name = Main.storyboard;
			sourceTree = "<group>";
		};
/* End PBXVariantGroup section */

/* Begin XCBuildConfiguration section */
		18616DAE2135789900024C02 /* Debug */ = {
			isa = XCBuildConfiguration;
			buildSettings = {
				ALWAYS_SEARCH_USER_PATHS = NO;
				CLANG_ANALYZER_NONNULL = YES;
				CLANG_ANALYZER_NUMBER_OBJECT_CONVERSION = YES_AGGRESSIVE;
				CLANG_CXX_LANGUAGE_STANDARD = "gnu++14";
				CLANG_CXX_LIBRARY = "libc++";
				CLANG_ENABLE_MODULES = YES;
				CLANG_ENABLE_OBJC_ARC = YES;
				CLANG_ENABLE_OBJC_WEAK = YES;
				CLANG_WARN_BLOCK_CAPTURE_AUTORELEASING = YES;
				CLANG_WARN_BOOL_CONVERSION = YES;
				CLANG_WARN_COMMA = YES;
				CLANG_WARN_CONSTANT_CONVERSION = YES;
				CLANG_WARN_DEPRECATED_OBJC_IMPLEMENTATIONS = YES;
				CLANG_WARN_DIRECT_OBJC_ISA_USAGE = YES_ERROR;
				CLANG_WARN_DOCUMENTATION_COMMENTS = YES;
				CLANG_WARN_EMPTY_BODY = YES;
				CLANG_WARN_ENUM_CONVERSION = YES;
				CLANG_WARN_INFINITE_RECURSION = YES;
				CLANG_WARN_INT_CONVERSION = YES;
				CLANG_WARN_NON_LITERAL_NULL_CONVERSION = YES;
				CLANG_WARN_OBJC_IMPLICIT_RETAIN_SELF = YES;
				CLANG_WARN_OBJC_LITERAL_CONVERSION = YES;
				CLANG_WARN_OBJC_ROOT_CLASS = YES_ERROR;
				CLANG_WARN_RANGE_LOOP_ANALYSIS = YES;
				CLANG_WARN_STRICT_PROTOTYPES = YES;
				CLANG_WARN_SUSPICIOUS_MOVE = YES;
				CLANG_WARN_UNGUARDED_AVAILABILITY = YES_AGGRESSIVE;
				CLANG_WARN_UNREACHABLE_CODE = YES;
				CLANG_WARN__DUPLICATE_METHOD_MATCH = YES;
				CODE_SIGN_IDENTITY = "iPhone Developer";
				COPY_PHASE_STRIP = NO;
				DEBUG_INFORMATION_FORMAT = dwarf;
				ENABLE_STRICT_OBJC_MSGSEND = YES;
				ENABLE_TESTABILITY = YES;
				GCC_C_LANGUAGE_STANDARD = gnu11;
				GCC_DYNAMIC_NO_PIC = NO;
				GCC_NO_COMMON_BLOCKS = YES;
				GCC_OPTIMIZATION_LEVEL = 0;
				GCC_PREPROCESSOR_DEFINITIONS = (
					"DEBUG=1",
					"$(inherited)",
				);
				GCC_WARN_64_TO_32_BIT_CONVERSION = YES;
				GCC_WARN_ABOUT_RETURN_TYPE = YES_ERROR;
				GCC_WARN_UNDECLARED_SELECTOR = YES;
				GCC_WARN_UNINITIALIZED_AUTOS = YES_AGGRESSIVE;
				GCC_WARN_UNUSED_FUNCTION = YES;
				GCC_WARN_UNUSED_VARIABLE = YES;
				IPHONEOS_DEPLOYMENT_TARGET = 9.0;
				MTL_ENABLE_DEBUG_INFO = YES;
				ONLY_ACTIVE_ARCH = YES;
				SDKROOT = iphoneos;
				SWIFT_ACTIVE_COMPILATION_CONDITIONS = DEBUG;
				SWIFT_OPTIMIZATION_LEVEL = "-Onone";
			};
			name = Debug;
		};
		18616DAF2135789900024C02 /* Release */ = {
			isa = XCBuildConfiguration;
			buildSettings = {
				ALWAYS_SEARCH_USER_PATHS = NO;
				CLANG_ANALYZER_NONNULL = YES;
				CLANG_ANALYZER_NUMBER_OBJECT_CONVERSION = YES_AGGRESSIVE;
				CLANG_CXX_LANGUAGE_STANDARD = "gnu++14";
				CLANG_CXX_LIBRARY = "libc++";
				CLANG_ENABLE_MODULES = YES;
				CLANG_ENABLE_OBJC_ARC = YES;
				CLANG_ENABLE_OBJC_WEAK = YES;
				CLANG_WARN_BLOCK_CAPTURE_AUTORELEASING = YES;
				CLANG_WARN_BOOL_CONVERSION = YES;
				CLANG_WARN_COMMA = YES;
				CLANG_WARN_CONSTANT_CONVERSION = YES;
				CLANG_WARN_DEPRECATED_OBJC_IMPLEMENTATIONS = YES;
				CLANG_WARN_DIRECT_OBJC_ISA_USAGE = YES_ERROR;
				CLANG_WARN_DOCUMENTATION_COMMENTS = YES;
				CLANG_WARN_EMPTY_BODY = YES;
				CLANG_WARN_ENUM_CONVERSION = YES;
				CLANG_WARN_INFINITE_RECURSION = YES;
				CLANG_WARN_INT_CONVERSION = YES;
				CLANG_WARN_NON_LITERAL_NULL_CONVERSION = YES;
				CLANG_WARN_OBJC_IMPLICIT_RETAIN_SELF = YES;
				CLANG_WARN_OBJC_LITERAL_CONVERSION = YES;
				CLANG_WARN_OBJC_ROOT_CLASS = YES_ERROR;
				CLANG_WARN_RANGE_LOOP_ANALYSIS = YES;
				CLANG_WARN_STRICT_PROTOTYPES = YES;
				CLANG_WARN_SUSPICIOUS_MOVE = YES;
				CLANG_WARN_UNGUARDED_AVAILABILITY = YES_AGGRESSIVE;
				CLANG_WARN_UNREACHABLE_CODE = YES;
				CLANG_WARN__DUPLICATE_METHOD_MATCH = YES;
				CODE_SIGN_IDENTITY = "iPhone Developer";
				COPY_PHASE_STRIP = NO;
				DEBUG_INFORMATION_FORMAT = "dwarf-with-dsym";
				ENABLE_NS_ASSERTIONS = NO;
				ENABLE_STRICT_OBJC_MSGSEND = YES;
				GCC_C_LANGUAGE_STANDARD = gnu11;
				GCC_NO_COMMON_BLOCKS = YES;
				GCC_WARN_64_TO_32_BIT_CONVERSION = YES;
				GCC_WARN_ABOUT_RETURN_TYPE = YES_ERROR;
				GCC_WARN_UNDECLARED_SELECTOR = YES;
				GCC_WARN_UNINITIALIZED_AUTOS = YES_AGGRESSIVE;
				GCC_WARN_UNUSED_FUNCTION = YES;
				GCC_WARN_UNUSED_VARIABLE = YES;
				IPHONEOS_DEPLOYMENT_TARGET = 9.0;
				MTL_ENABLE_DEBUG_INFO = NO;
				SDKROOT = iphoneos;
				SWIFT_COMPILATION_MODE = wholemodule;
				SWIFT_OPTIMIZATION_LEVEL = "-O";
				VALIDATE_PRODUCT = YES;
			};
			name = Release;
		};
		18616DB12135789900024C02 /* Debug */ = {
			isa = XCBuildConfiguration;
			baseConfigurationReference = 4A885879FF53B3AD1F76B063 /* Pods-ProjectF02.debug.xcconfig */;
			buildSettings = {
				ASSETCATALOG_COMPILER_APPICON_NAME = AppIcon;
				CODE_SIGN_STYLE = Manual;
				DEVELOPMENT_TEAM = "";
				INFOPLIST_FILE = "$(SRCROOT)/ProjectF02/SupportFiles/Info.plist";
				IPHONEOS_DEPLOYMENT_TARGET = 9.0;
				LD_RUNPATH_SEARCH_PATHS = (
					"$(inherited)",
					"@executable_path/Frameworks",
				);
				PRODUCT_BUNDLE_IDENTIFIER = com.tuanna.ProjectF02;
				PRODUCT_NAME = "$(TARGET_NAME)";
				PROVISIONING_PROFILE_SPECIFIER = "";
				SWIFT_VERSION = 4.0;
				TARGETED_DEVICE_FAMILY = "1,2";
			};
			name = Debug;
		};
		18616DB22135789900024C02 /* Release */ = {
			isa = XCBuildConfiguration;
			baseConfigurationReference = 93C3669144A9C41B35A6D6C6 /* Pods-ProjectF02.release.xcconfig */;
			buildSettings = {
				ASSETCATALOG_COMPILER_APPICON_NAME = AppIcon;
				CODE_SIGN_STYLE = Manual;
				DEVELOPMENT_TEAM = "";
				INFOPLIST_FILE = "$(SRCROOT)/ProjectF02/SupportFiles/Info.plist";
				IPHONEOS_DEPLOYMENT_TARGET = 9.0;
				LD_RUNPATH_SEARCH_PATHS = (
					"$(inherited)",
					"@executable_path/Frameworks",
				);
				PRODUCT_BUNDLE_IDENTIFIER = com.tuanna.ProjectF02;
				PRODUCT_NAME = "$(TARGET_NAME)";
				PROVISIONING_PROFILE_SPECIFIER = "";
				SWIFT_VERSION = 4.0;
				TARGETED_DEVICE_FAMILY = "1,2";
			};
			name = Release;
		};
/* End XCBuildConfiguration section */

/* Begin XCConfigurationList section */
		18616D992135789700024C02 /* Build configuration list for PBXProject "ProjectF02" */ = {
			isa = XCConfigurationList;
			buildConfigurations = (
				18616DAE2135789900024C02 /* Debug */,
				18616DAF2135789900024C02 /* Release */,
			);
			defaultConfigurationIsVisible = 0;
			defaultConfigurationName = Release;
		};
		18616DB02135789900024C02 /* Build configuration list for PBXNativeTarget "ProjectF02" */ = {
			isa = XCConfigurationList;
			buildConfigurations = (
				18616DB12135789900024C02 /* Debug */,
				18616DB22135789900024C02 /* Release */,
			);
			defaultConfigurationIsVisible = 0;
			defaultConfigurationName = Release;
		};
/* End XCConfigurationList section */
	};
	rootObject = 18616D962135789700024C02 /* Project object */;
}
